
Microsoft Visual Studio Solution File, Format Version 12.00
# Visual Studio 15
VisualStudioVersion = 15.0.28307.168
MinimumVisualStudioVersion = 10.0.40219.1
Project("{FAE04EC0-301F-11D3-BF4B-00C04F79EFBC}") = "Movie.Service", "Movie.Service\Movie.Service.csproj", "{9320E830-F699-4FD7-929F-97359C46A186}"
EndProject
Project("{FAE04EC0-301F-11D3-BF4B-00C04F79EFBC}") = "UnitTestProj", "UnitTestProj\UnitTestProj.csproj", "{AF458BCB-8469-4F50-B7A8-D4A43B99F79F}"
EndProject
Project("{FAE04EC0-301F-11D3-BF4B-00C04F79EFBC}") = "Movie.DTO", "Movie.DTO\Movie.DTO.csproj", "{5CFF1ED5-C0B6-46E8-B4AD-12C1E5B7BC3A}"
EndProject
Project("{FAE04EC0-301F-11D3-BF4B-00C04F79EFBC}") = "Movie.IService", "Movie.IService\Movie.IService.csproj", "{A239996D-2257-4951-A74A-F3815406CD8C}"
EndProject
Project("{FAE04EC0-301F-11D3-BF4B-00C04F79EFBC}") = "Movie.Common", "Movie.Common\Movie.Common.csproj", "{73AFE8E3-D70A-45CB-ADC6-BCAE6D5C3E88}"
EndProject
Project("{FAE04EC0-301F-11D3-BF4B-00C04F79EFBC}") = "WebAPP", "WebAPP\WebAPP.csproj", "{6833F205-8023-4131-BD6B-D28D7863CC05}"
EndProject
Project("{FAE04EC0-301F-11D3-BF4B-00C04F79EFBC}") = "WebMVC", "WebMVC\WebMVC.csproj", "{C026B0BF-A745-45D3-BF00-7CA35F366555}"
EndProject
Global
	GlobalSection(SolutionConfigurationPlatforms) = preSolution
		Debug|Any CPU = Debug|Any CPU
		Release|Any CPU = Release|Any CPU
	EndGlobalSection
	GlobalSection(ProjectConfigurationPlatforms) = postSolution
		{9320E830-F699-4FD7-929F-97359C46A186}.Debug|Any CPU.ActiveCfg = Debug|Any CPU
		{9320E830-F699-4FD7-929F-97359C46A186}.Debug|Any CPU.Build.0 = Debug|Any CPU
		{9320E830-F699-4FD7-929F-97359C46A186}.Release|Any CPU.ActiveCfg = Release|Any CPU
		{9320E830-F699-4FD7-929F-97359C46A186}.Release|Any CPU.Build.0 = Release|Any CPU
		{AF458BCB-8469-4F50-B7A8-D4A43B99F79F}.Debug|Any CPU.ActiveCfg = Debug|Any CPU
		{AF458BCB-8469-4F50-B7A8-D4A43B99F79F}.Debug|Any CPU.Build.0 = Debug|Any CPU
		{AF458BCB-8469-4F50-B7A8-D4A43B99F79F}.Release|Any CPU.ActiveCfg = Release|Any CPU
		{AF458BCB-8469-4F50-B7A8-D4A43B99F79F}.Release|Any CPU.Build.0 = Release|Any CPU
		{5CFF1ED5-C0B6-46E8-B4AD-12C1E5B7BC3A}.Debug|Any CPU.ActiveCfg = Debug|Any CPU
		{5CFF1ED5-C0B6-46E8-B4AD-12C1E5B7BC3A}.Debug|Any CPU.Build.0 = Debug|Any CPU
		{5CFF1ED5-C0B6-46E8-B4AD-12C1E5B7BC3A}.Release|Any CPU.ActiveCfg = Release|Any CPU
		{5CFF1ED5-C0B6-46E8-B4AD-12C1E5B7BC3A}.Release|Any CPU.Build.0 = Release|Any CPU
		{A239996D-2257-4951-A74A-F3815406CD8C}.Debug|Any CPU.ActiveCfg = Debug|Any CPU
		{A239996D-2257-4951-A74A-F3815406CD8C}.Debug|Any CPU.Build.0 = Debug|Any CPU
		{A239996D-2257-4951-A74A-F3815406CD8C}.Release|Any CPU.ActiveCfg = Release|Any CPU
		{A239996D-2257-4951-A74A-F3815406CD8C}.Release|Any CPU.Build.0 = Release|Any CPU
		{73AFE8E3-D70A-45CB-ADC6-BCAE6D5C3E88}.Debug|Any CPU.ActiveCfg = Debug|Any CPU
		{73AFE8E3-D70A-45CB-ADC6-BCAE6D5C3E88}.Debug|Any CPU.Build.0 = Debug|Any CPU
		{73AFE8E3-D70A-45CB-ADC6-BCAE6D5C3E88}.Release|Any CPU.ActiveCfg = Release|Any CPU
		{73AFE8E3-D70A-45CB-ADC6-BCAE6D5C3E88}.Release|Any CPU.Build.0 = Release|Any CPU
		{6833F205-8023-4131-BD6B-D28D7863CC05}.Debug|Any CPU.ActiveCfg = Debug|Any CPU
		{6833F205-8023-4131-BD6B-D28D7863CC05}.Debug|Any CPU.Build.0 = Debug|Any CPU
		{6833F205-8023-4131-BD6B-D28D7863CC05}.Release|Any CPU.ActiveCfg = Release|Any CPU
		{6833F205-8023-4131-BD6B-D28D7863CC05}.Release|Any CPU.Build.0 = Release|Any CPU
		{C026B0BF-A745-45D3-BF00-7CA35F366555}.Debug|Any CPU.ActiveCfg = Debug|Any CPU
		{C026B0BF-A745-45D3-BF00-7CA35F366555}.Debug|Any CPU.Build.0 = Debug|Any CPU
		{C026B0BF-A745-45D3-BF00-7CA35F366555}.Release|Any CPU.ActiveCfg = Release|Any CPU
		{C026B0BF-A745-45D3-BF00-7CA35F366555}.Release|Any CPU.Build.0 = Release|Any CPU
	EndGlobalSection
	GlobalSection(SolutionProperties) = preSolution
		HideSolutionNode = FALSE
	EndGlobalSection
	GlobalSection(ExtensibilityGlobals) = postSolution
		VisualSVNWorkingCopyRoot = .
		SolutionGuid = {8B34EC5A-9CF7-47F5-B82D-8983479C1353}
	EndGlobalSection
EndGlobal
